{
  "name": "tp1-daemon",
  "version": "1.0.0",
  "lockfileVersion": 2,
  "requires": true,
  "packages": {
    "": {
      "name": "tp1-daemon",
      "version": "1.0.0",
      "license": "ISC",
      "dependencies": {
        "dbus": "^1.0.7"
      },
      "devDependencies": {}
    },
    "node_modules/dbus": {
      "version": "1.0.7",
      "resolved": "https://registry.npmjs.org/dbus/-/dbus-1.0.7.tgz",
      "integrity": "sha512-qba6/ajLoqzCy3Kl3aFgLXLP4TTf0qfgNjib1qoCJG/8HbSs0lDvxkz4nJU63CURZVzxvpK/VpQpT40KA8Kr3A==",
      "hasInstallScript": true,
      "os": [
        "!win32"
      ],
      "dependencies": {
        "nan": "^2.14.0"
      },
      "engines": {
        "node": ">= 0.12.0"
      }
    },
    "node_modules/nan": {
      "version": "2.15.0",
      "resolved": "https://registry.npmjs.org/nan/-/nan-2.15.0.tgz",
      "integrity": "sha512-8ZtvEnA2c5aYCZYd1cvgdnU6cqwixRoYg70xPLWUws5ORTa/lnw+u4amixRS/Ac5U5mQVgp9pnlSUnbNWFaWZQ=="
    }
  },
  "dependencies": {
    "dbus": {
      "version": "1.0.7",
      "resolved": "https://registry.npmjs.org/dbus/-/dbus-1.0.7.tgz",
      "integrity": "sha512-qba6/ajLoqzCy3Kl3aFgLXLP4TTf0qfgNjib1qoCJG/8HbSs0lDvxkz4nJU63CURZVzxvpK/VpQpT40KA8Kr3A==",
      "requires": {
        "nan": "^2.14.0"
      }
    },
    "nan": {
      "version": "2.15.0",
      "resolved": "https://registry.npmjs.org/nan/-/nan-2.15.0.tgz",
      "integrity": "sha512-8ZtvEnA2c5aYCZYd1cvgdnU6cqwixRoYg70xPLWUws5ORTa/lnw+u4amixRS/Ac5U5mQVgp9pnlSUnbNWFaWZQ=="
    }
  }
}
